
Microsoft Visual Studio Solution File, Format Version 12.00
# Visual Studio Version 17
VisualStudioVersion = 17.6.33723.286
MinimumVisualStudioVersion = 10.0.40219.1
Project("{FAE04EC0-301F-11D3-BF4B-00C04F79EFBC}") = "geradorDeSenha", "geradorDeSenha\geradorDeSenha.csproj", "{100C32E7-906E-4D3B-A3BB-37CE406F0560}"
EndProject
Global
	GlobalSection(SolutionConfigurationPlatforms) = preSolution
		Debug|Any CPU = Debug|Any CPU
		Release|Any CPU = Release|Any CPU
	EndGlobalSection
	GlobalSection(ProjectConfigurationPlatforms) = postSolution
		{100C32E7-906E-4D3B-A3BB-37CE406F0560}.Debug|Any CPU.ActiveCfg = Debug|Any CPU
		{100C32E7-906E-4D3B-A3BB-37CE406F0560}.Debug|Any CPU.Build.0 = Debug|Any CPU
		{100C32E7-906E-4D3B-A3BB-37CE406F0560}.Release|Any CPU.ActiveCfg = Release|Any CPU
		{100C32E7-906E-4D3B-A3BB-37CE406F0560}.Release|Any CPU.Build.0 = Release|Any CPU
	EndGlobalSection
	GlobalSection(SolutionProperties) = preSolution
		HideSolutionNode = FALSE
	EndGlobalSection
	GlobalSection(ExtensibilityGlobals) = postSolution
		SolutionGuid = {DECF71FC-514D-472E-A51E-0630642CB243}
	EndGlobalSection
EndGlobal
